{
  "name": "dcas",
  "lockfileVersion": 3,
  "requires": true,
  "packages": {
    "": {
      "dependencies": {
        "dcas-frontend": "file:frontend"
      }
    },
    "frontend": {
      "name": "dcas-frontend",
      "version": "0.0.1"
    },
    "node_modules/dcas-frontend": {
      "resolved": "frontend",
      "link": true
    }
  }
}
